
Microsoft Visual Studio Solution File, Format Version 12.00
# Visual Studio Version 17
VisualStudioVersion = 17.11.35208.52
MinimumVisualStudioVersion = 10.0.40219.1
Project("{FAE04EC0-301F-11D3-BF4B-00C04F79EFBC}") = "MakeTheSql", "MakeTheSql.csproj", "{D6260DB9-E965-493A-BA65-E4411A504BBB}"
EndProject
Global
	GlobalSection(SolutionConfigurationPlatforms) = preSolution
		Debug|Any CPU = Debug|Any CPU
		Release|Any CPU = Release|Any CPU
	EndGlobalSection
	GlobalSection(ProjectConfigurationPlatforms) = postSolution
		{D6260DB9-E965-493A-BA65-E4411A504BBB}.Debug|Any CPU.ActiveCfg = Debug|Any CPU
		{D6260DB9-E965-493A-BA65-E4411A504BBB}.Debug|Any CPU.Build.0 = Debug|Any CPU
		{D6260DB9-E965-493A-BA65-E4411A504BBB}.Release|Any CPU.ActiveCfg = Release|Any CPU
		{D6260DB9-E965-493A-BA65-E4411A504BBB}.Release|Any CPU.Build.0 = Release|Any CPU
	EndGlobalSection
	GlobalSection(SolutionProperties) = preSolution
		HideSolutionNode = FALSE
	EndGlobalSection
	GlobalSection(ExtensibilityGlobals) = postSolution
		SolutionGuid = {0FC74182-4B95-4EC2-8451-38B54B14E778}
	EndGlobalSection
EndGlobal
