
Microsoft Visual Studio Solution File, Format Version 12.00
# Visual Studio Version 17
VisualStudioVersion = 17.4.33213.308
MinimumVisualStudioVersion = 10.0.40219.1
Project("{FAE04EC0-301F-11D3-BF4B-00C04F79EFBC}") = "grab missing weather files if they exist", "grab missing weather files if they exist.csproj", "{EB6D68CF-E333-42EB-9069-0F6C28EDDA05}"
EndProject
Global
	GlobalSection(SolutionConfigurationPlatforms) = preSolution
		Debug|Any CPU = Debug|Any CPU
		Release|Any CPU = Release|Any CPU
	EndGlobalSection
	GlobalSection(ProjectConfigurationPlatforms) = postSolution
		{EB6D68CF-E333-42EB-9069-0F6C28EDDA05}.Debug|Any CPU.ActiveCfg = Debug|Any CPU
		{EB6D68CF-E333-42EB-9069-0F6C28EDDA05}.Debug|Any CPU.Build.0 = Debug|Any CPU
		{EB6D68CF-E333-42EB-9069-0F6C28EDDA05}.Release|Any CPU.ActiveCfg = Release|Any CPU
		{EB6D68CF-E333-42EB-9069-0F6C28EDDA05}.Release|Any CPU.Build.0 = Release|Any CPU
	EndGlobalSection
	GlobalSection(SolutionProperties) = preSolution
		HideSolutionNode = FALSE
	EndGlobalSection
	GlobalSection(ExtensibilityGlobals) = postSolution
		SolutionGuid = {AFB19216-8DD1-479F-BBEC-CE1472C596DF}
	EndGlobalSection
EndGlobal
