
Microsoft Visual Studio Solution File, Format Version 12.00
# Visual Studio Version 17
VisualStudioVersion = 17.4.33213.308
MinimumVisualStudioVersion = 10.0.40219.1
Project("{FAE04EC0-301F-11D3-BF4B-00C04F79EFBC}") = "AspNetCompareDatabaseWithActualFiles", "AspNetCompareDatabaseWithActualFiles.csproj", "{3113C750-05D5-49DF-ACA6-1F12033B0E10}"
EndProject
Global
	GlobalSection(SolutionConfigurationPlatforms) = preSolution
		Debug|Any CPU = Debug|Any CPU
		Release|Any CPU = Release|Any CPU
	EndGlobalSection
	GlobalSection(ProjectConfigurationPlatforms) = postSolution
		{3113C750-05D5-49DF-ACA6-1F12033B0E10}.Debug|Any CPU.ActiveCfg = Debug|Any CPU
		{3113C750-05D5-49DF-ACA6-1F12033B0E10}.Debug|Any CPU.Build.0 = Debug|Any CPU
		{3113C750-05D5-49DF-ACA6-1F12033B0E10}.Release|Any CPU.ActiveCfg = Release|Any CPU
		{3113C750-05D5-49DF-ACA6-1F12033B0E10}.Release|Any CPU.Build.0 = Release|Any CPU
	EndGlobalSection
	GlobalSection(SolutionProperties) = preSolution
		HideSolutionNode = FALSE
	EndGlobalSection
	GlobalSection(ExtensibilityGlobals) = postSolution
		SolutionGuid = {4D60604F-7DB2-43D4-89D0-39FC4E1583A3}
	EndGlobalSection
EndGlobal
